// !$*UTF8*$!
{
	archiveVersion = 1;
	classes = {
	};
	objectVersion = 50;
	objects = {

/* Begin PBXBuildFile section */
		2E34BACE2190986A00B6D627 /* ScannerViewController.swift in Sources */ = {isa = PBXBuildFile; fileRef = 2E34BACD2190986A00B6D627 /* ScannerViewController.swift */; };
		2EC0A1082189F763002B3EAC /* AppDelegate.swift in Sources */ = {isa = PBXBuildFile; fileRef = 2EC0A1072189F763002B3EAC /* AppDelegate.swift */; };
		2EC0A10A2189F763002B3EAC /* ViewController.swift in Sources */ = {isa = PBXBuildFile; fileRef = 2EC0A1092189F763002B3EAC /* ViewController.swift */; };
		2EC0A10D2189F763002B3EAC /* Main.storyboard in Resources */ = {isa = PBXBuildFile; fileRef = 2EC0A10B2189F763002B3EAC /* Main.storyboard */; };
		2EC0A10F2189F764002B3EAC /* Assets.xcassets in Resources */ = {isa = PBXBuildFile; fileRef = 2EC0A10E2189F764002B3EAC /* Assets.xcassets */; };
		2EC0A1122189F764002B3EAC /* LaunchScreen.storyboard in Resources */ = {isa = PBXBuildFile; fileRef = 2EC0A1102189F764002B3EAC /* LaunchScreen.storyboard */; };
		2EF4354E218B459800CCC6D7 /* AddViewController.swift in Sources */ = {isa = PBXBuildFile; fileRef = 2EF4354D218B459800CCC6D7 /* AddViewController.swift */; };
		2EF43550218B47E500CCC6D7 /* Default_Input_Info.swift in Sources */ = {isa = PBXBuildFile; fileRef = 2EF4354F218B47E500CCC6D7 /* Default_Input_Info.swift */; };
/* End PBXBuildFile section */

/* Begin PBXFileReference section */
		2E34BACD2190986A00B6D627 /* ScannerViewController.swift */ = {isa = PBXFileReference; lastKnownFileType = sourcecode.swift; path = ScannerViewController.swift; sourceTree = "<group>"; };
		2EC0A1042189F763002B3EAC /* Dog Tags #1.app */ = {isa = PBXFileReference; explicitFileType = wrapper.application; includeInIndex = 0; path = "Dog Tags #1.app"; sourceTree = BUILT_PRODUCTS_DIR; };
		2EC0A1072189F763002B3EAC /* AppDelegate.swift */ = {isa = PBXFileReference; lastKnownFileType = sourcecode.swift; path = AppDelegate.swift; sourceTree = "<group>"; };
		2EC0A1092189F763002B3EAC /* ViewController.swift */ = {isa = PBXFileReference; lastKnownFileType = sourcecode.swift; path = ViewController.swift; sourceTree = "<group>"; };
		2EC0A10C2189F763002B3EAC /* Base */ = {isa = PBXFileReference; lastKnownFileType = file.storyboard; name = Base; path = Base.lproj/Main.storyboard; sourceTree = "<group>"; };
		2EC0A10E2189F764002B3EAC /* Assets.xcassets */ = {isa = PBXFileReference; lastKnownFileType = folder.assetcatalog; path = Assets.xcassets; sourceTree = "<group>"; };
		2EC0A1112189F764002B3EAC /* Base */ = {isa = PBXFileReference; lastKnownFileType = file.storyboard; name = Base; path = Base.lproj/LaunchScreen.storyboard; sourceTree = "<group>"; };
		2EC0A1132189F764002B3EAC /* Info.plist */ = {isa = PBXFileReference; lastKnownFileType = text.plist.xml; path = Info.plist; sourceTree = "<group>"; };
		2EF4354D218B459800CCC6D7 /* AddViewController.swift */ = {isa = PBXFileReference; lastKnownFileType = sourcecode.swift; path = AddViewController.swift; sourceTree = "<group>"; };
		2EF4354F218B47E500CCC6D7 /* Default_Input_Info.swift */ = {isa = PBXFileReference; lastKnownFileType = sourcecode.swift; path = Default_Input_Info.swift; sourceTree = "<group>"; };
/* End PBXFileReference section */

/* Begin PBXFrameworksBuildPhase section */
		2EC0A1012189F763002B3EAC /* Frameworks */ = {
			isa = PBXFrameworksBuildPhase;
			buildActionMask = 2147483647;
			files = (
			);
			runOnlyForDeploymentPostprocessing = 0;
		};
/* End PBXFrameworksBuildPhase section */

/* Begin PBXGroup section */
		2EC0A0FB2189F763002B3EAC = {
			isa = PBXGroup;
			children = (
				2EC0A1062189F763002B3EAC /* Dog Tags #1 */,
				2EC0A1052189F763002B3EAC /* Products */,
			);
			sourceTree = "<group>";
		};
		2EC0A1052189F763002B3EAC /* Products */ = {
			isa = PBXGroup;
			children = (
				2EC0A1042189F763002B3EAC /* Dog Tags #1.app */,
			);
			name = Products;
			sourceTree = "<group>";
		};
		2EC0A1062189F763002B3EAC /* Dog Tags #1 */ = {
			isa = PBXGroup;
			children = (
				2EC0A1072189F763002B3EAC /* AppDelegate.swift */,
				2EC0A1092189F763002B3EAC /* ViewController.swift */,
				2EC0A10B2189F763002B3EAC /* Main.storyboard */,
				2E34BACD2190986A00B6D627 /* ScannerViewController.swift */,
				2EF4354F218B47E500CCC6D7 /* Default_Input_Info.swift */,
				2EF4354D218B459800CCC6D7 /* AddViewController.swift */,
				2EC0A10E2189F764002B3EAC /* Assets.xcassets */,
				2EC0A1102189F764002B3EAC /* LaunchScreen.storyboard */,
				2EC0A1132189F764002B3EAC /* Info.plist */,
			);
			path = "Dog Tags #1";
			sourceTree = "<group>";
		};
/* End PBXGroup section */

/* Begin PBXNativeTarget section */
		2EC0A1032189F763002B3EAC /* Dog Tags #1 */ = {
			isa = PBXNativeTarget;
			buildConfigurationList = 2EC0A1162189F764002B3EAC /* Build configuration list for PBXNativeTarget "Dog Tags #1" */;
			buildPhases = (
				2EC0A1002189F763002B3EAC /* Sources */,
				2EC0A1012189F763002B3EAC /* Frameworks */,
				2EC0A1022189F763002B3EAC /* Resources */,
			);
			buildRules = (
			);
			dependencies = (
			);
			name = "Dog Tags #1";
			productName = "Dog Tags #1";
			productReference = 2EC0A1042189F763002B3EAC /* Dog Tags #1.app */;
			productType = "com.apple.product-type.application";
		};
/* End PBXNativeTarget section */

/* Begin PBXProject section */
		2EC0A0FC2189F763002B3EAC /* Project object */ = {
			isa = PBXProject;
			attributes = {
				LastSwiftUpdateCheck = 0940;
				LastUpgradeCheck = 0940;
				ORGANIZATIONNAME = period2;
				TargetAttributes = {
					2EC0A1032189F763002B3EAC = {
						CreatedOnToolsVersion = 9.4.1;
					};
				};
			};
			buildConfigurationList = 2EC0A0FF2189F763002B3EAC /* Build configuration list for PBXProject "Dog Tags #1" */;
			compatibilityVersion = "Xcode 9.3";
			developmentRegion = en;
			hasScannedForEncodings = 0;
			knownRegions = (
				en,
				Base,
			);
			mainGroup = 2EC0A0FB2189F763002B3EAC;
			productRefGroup = 2EC0A1052189F763002B3EAC /* Products */;
			projectDirPath = "";
			projectRoot = "";
			targets = (
				2EC0A1032189F763002B3EAC /* Dog Tags #1 */,
			);
		};
/* End PBXProject section */

/* Begin PBXResourcesBuildPhase section */
		2EC0A1022189F763002B3EAC /* Resources */ = {
			isa = PBXResourcesBuildPhase;
			buildActionMask = 2147483647;
			files = (
				2EC0A1122189F764002B3EAC /* LaunchScreen.storyboard in Resources */,
				2EC0A10F2189F764002B3EAC /* Assets.xcassets in Resources */,
				2EC0A10D2189F763002B3EAC /* Main.storyboard in Resources */,
			);
			runOnlyForDeploymentPostprocessing = 0;
		};
/* End PBXResourcesBuildPhase section */

/* Begin PBXSourcesBuildPhase section */
		2EC0A1002189F763002B3EAC /* Sources */ = {
			isa = PBXSourcesBuildPhase;
			buildActionMask = 2147483647;
			files = (
				2EC0A10A2189F763002B3EAC /* ViewController.swift in Sources */,
				2EC0A1082189F763002B3EAC /* AppDelegate.swift in Sources */,
				2EF43550218B47E500CCC6D7 /* Default_Input_Info.swift in Sources */,
				2E34BACE2190986A00B6D627 /* ScannerViewController.swift in Sources */,
				2EF4354E218B459800CCC6D7 /* AddViewController.swift in Sources */,
			);
			runOnlyForDeploymentPostprocessing = 0;
		};
/* End PBXSourcesBuildPhase section */

/* Begin PBXVariantGroup section */
		2EC0A10B2189F763002B3EAC /* Main.storyboard */ = {
			isa = PBXVariantGroup;
			children = (
				2EC0A10C2189F763002B3EAC /* Base */,
			);
			name = Main.storyboard;
			sourceTree = "<group>";
		};
		2EC0A1102189F764002B3EAC /* LaunchScreen.storyboard */ = {
			isa = PBXVariantGroup;
			children = (
				2EC0A1112189F764002B3EAC /* Base */,
			);
			name = LaunchScreen.storyboard;
			sourceTree = "<group>";
		};
/* End PBXVariantGroup section */

/* Begin XCBuildConfiguration section */
		2EC0A1142189F764002B3EAC /* Debug */ = {
			isa = XCBuildConfiguration;
			buildSettings = {
				ALWAYS_SEARCH_USER_PATHS = NO;
				CLANG_ANALYZER_NONNULL = YES;
				CLANG_ANALYZER_NUMBER_OBJECT_CONVERSION = YES_AGGRESSIVE;
				CLANG_CXX_LANGUAGE_STANDARD = "gnu++14";
				CLANG_CXX_LIBRARY = "libc++";
				CLANG_ENABLE_MODULES = YES;
				CLANG_ENABLE_OBJC_ARC = YES;
				CLANG_ENABLE_OBJC_WEAK = YES;
				CLANG_WARN_BLOCK_CAPTURE_AUTORELEASING = YES;
				CLANG_WARN_BOOL_CONVERSION = YES;
				CLANG_WARN_COMMA = YES;
				CLANG_WARN_CONSTANT_CONVERSION = YES;
				CLANG_WARN_DEPRECATED_OBJC_IMPLEMENTATIONS = YES;
				CLANG_WARN_DIRECT_OBJC_ISA_USAGE = YES_ERROR;
				CLANG_WARN_DOCUMENTATION_COMMENTS = YES;
				CLANG_WARN_EMPTY_BODY = YES;
				CLANG_WARN_ENUM_CONVERSION = YES;
				CLANG_WARN_INFINITE_RECURSION = YES;
				CLANG_WARN_INT_CONVERSION = YES;
				CLANG_WARN_NON_LITERAL_NULL_CONVERSION = YES;
				CLANG_WARN_OBJC_IMPLICIT_RETAIN_SELF = YES;
				CLANG_WARN_OBJC_LITERAL_CONVERSION = YES;
				CLANG_WARN_OBJC_ROOT_CLASS = YES_ERROR;
				CLANG_WARN_RANGE_LOOP_ANALYSIS = YES;
				CLANG_WARN_STRICT_PROTOTYPES = YES;
				CLANG_WARN_SUSPICIOUS_MOVE = YES;
				CLANG_WARN_UNGUARDED_AVAILABILITY = YES_AGGRESSIVE;
				CLANG_WARN_UNREACHABLE_CODE = YES;
				CLANG_WARN__DUPLICATE_METHOD_MATCH = YES;
				CODE_SIGN_IDENTITY = "iPhone Developer";
				COPY_PHASE_STRIP = NO;
				DEBUG_INFORMATION_FORMAT = dwarf;
				ENABLE_STRICT_OBJC_MSGSEND = YES;
				ENABLE_TESTABILITY = YES;
				GCC_C_LANGUAGE_STANDARD = gnu11;
				GCC_DYNAMIC_NO_PIC = NO;
				GCC_NO_COMMON_BLOCKS = YES;
				GCC_OPTIMIZATION_LEVEL = 0;
				GCC_PREPROCESSOR_DEFINITIONS = (
					"DEBUG=1",
					"$(inherited)",
				);
				GCC_WARN_64_TO_32_BIT_CONVERSION = YES;
				GCC_WARN_ABOUT_RETURN_TYPE = YES_ERROR;
				GCC_WARN_UNDECLARED_SELECTOR = YES;
				GCC_WARN_UNINITIALIZED_AUTOS = YES_AGGRESSIVE;
				GCC_WARN_UNUSED_FUNCTION = YES;
				GCC_WARN_UNUSED_VARIABLE = YES;
				IPHONEOS_DEPLOYMENT_TARGET = 11.4;
				MTL_ENABLE_DEBUG_INFO = YES;
				ONLY_ACTIVE_ARCH = YES;
				SDKROOT = iphoneos;
				SWIFT_ACTIVE_COMPILATION_CONDITIONS = DEBUG;
				SWIFT_OPTIMIZATION_LEVEL = "-Onone";
			};
			name = Debug;
		};
		2EC0A1152189F764002B3EAC /* Release */ = {
			isa = XCBuildConfiguration;
			buildSettings = {
				ALWAYS_SEARCH_USER_PATHS = NO;
				CLANG_ANALYZER_NONNULL = YES;
				CLANG_ANALYZER_NUMBER_OBJECT_CONVERSION = YES_AGGRESSIVE;
				CLANG_CXX_LANGUAGE_STANDARD = "gnu++14";
				CLANG_CXX_LIBRARY = "libc++";
				CLANG_ENABLE_MODULES = YES;
				CLANG_ENABLE_OBJC_ARC = YES;
				CLANG_ENABLE_OBJC_WEAK = YES;
				CLANG_WARN_BLOCK_CAPTURE_AUTORELEASING = YES;
				CLANG_WARN_BOOL_CONVERSION = YES;
				CLANG_WARN_COMMA = YES;
				CLANG_WARN_CONSTANT_CONVERSION = YES;
				CLANG_WARN_DEPRECATED_OBJC_IMPLEMENTATIONS = YES;
				CLANG_WARN_DIRECT_OBJC_ISA_USAGE = YES_ERROR;
				CLANG_WARN_DOCUMENTATION_COMMENTS = YES;
				CLANG_WARN_EMPTY_BODY = YES;
				CLANG_WARN_ENUM_CONVERSION = YES;
				CLANG_WARN_INFINITE_RECURSION = YES;
				CLANG_WARN_INT_CONVERSION = YES;
				CLANG_WARN_NON_LITERAL_NULL_CONVERSION = YES;
				CLANG_WARN_OBJC_IMPLICIT_RETAIN_SELF = YES;
				CLANG_WARN_OBJC_LITERAL_CONVERSION = YES;
				CLANG_WARN_OBJC_ROOT_CLASS = YES_ERROR;
				CLANG_WARN_RANGE_LOOP_ANALYSIS = YES;
				CLANG_WARN_STRICT_PROTOTYPES = YES;
				CLANG_WARN_SUSPICIOUS_MOVE = YES;
				CLANG_WARN_UNGUARDED_AVAILABILITY = YES_AGGRESSIVE;
				CLANG_WARN_UNREACHABLE_CODE = YES;
				CLANG_WARN__DUPLICATE_METHOD_MATCH = YES;
				CODE_SIGN_IDENTITY = "iPhone Developer";
				COPY_PHASE_STRIP = NO;
				DEBUG_INFORMATION_FORMAT = "dwarf-with-dsym";
				ENABLE_NS_ASSERTIONS = NO;
				ENABLE_STRICT_OBJC_MSGSEND = YES;
				GCC_C_LANGUAGE_STANDARD = gnu11;
				GCC_NO_COMMON_BLOCKS = YES;
				GCC_WARN_64_TO_32_BIT_CONVERSION = YES;
				GCC_WARN_ABOUT_RETURN_TYPE = YES_ERROR;
				GCC_WARN_UNDECLARED_SELECTOR = YES;
				GCC_WARN_UNINITIALIZED_AUTOS = YES_AGGRESSIVE;
				GCC_WARN_UNUSED_FUNCTION = YES;
				GCC_WARN_UNUSED_VARIABLE = YES;
				IPHONEOS_DEPLOYMENT_TARGET = 11.4;
				MTL_ENABLE_DEBUG_INFO = NO;
				SDKROOT = iphoneos;
				SWIFT_COMPILATION_MODE = wholemodule;
				SWIFT_OPTIMIZATION_LEVEL = "-O";
				VALIDATE_PRODUCT = YES;
			};
			name = Release;
		};
		2EC0A1172189F764002B3EAC /* Debug */ = {
			isa = XCBuildConfiguration;
			buildSettings = {
				ASSETCATALOG_COMPILER_APPICON_NAME = AppIcon;
				CODE_SIGN_STYLE = Automatic;
				DEVELOPMENT_TEAM = 7DE7QMGV56;
				INFOPLIST_FILE = "Dog Tags #1/Info.plist";
				LD_RUNPATH_SEARCH_PATHS = (
					"$(inherited)",
					"@executable_path/Frameworks",
				);
				PRODUCT_BUNDLE_IDENTIFIER = "tmccosky.Dog-Tags--1";
				PRODUCT_NAME = "$(TARGET_NAME)";
				SWIFT_VERSION = 4.0;
				TARGETED_DEVICE_FAMILY = "1,2";
			};
			name = Debug;
		};
		2EC0A1182189F764002B3EAC /* Release */ = {
			isa = XCBuildConfiguration;
			buildSettings = {
				ASSETCATALOG_COMPILER_APPICON_NAME = AppIcon;
				CODE_SIGN_STYLE = Automatic;
				DEVELOPMENT_TEAM = 7DE7QMGV56;
				INFOPLIST_FILE = "Dog Tags #1/Info.plist";
				LD_RUNPATH_SEARCH_PATHS = (
					"$(inherited)",
					"@executable_path/Frameworks",
				);
				PRODUCT_BUNDLE_IDENTIFIER = "tmccosky.Dog-Tags--1";
				PRODUCT_NAME = "$(TARGET_NAME)";
				SWIFT_VERSION = 4.0;
				TARGETED_DEVICE_FAMILY = "1,2";
			};
			name = Release;
		};
/* End XCBuildConfiguration section */

/* Begin XCConfigurationList section */
		2EC0A0FF2189F763002B3EAC /* Build configuration list for PBXProject "Dog Tags #1" */ = {
			isa = XCConfigurationList;
			buildConfigurations = (
				2EC0A1142189F764002B3EAC /* Debug */,
				2EC0A1152189F764002B3EAC /* Release */,
			);
			defaultConfigurationIsVisible = 0;
			defaultConfigurationName = Release;
		};
		2EC0A1162189F764002B3EAC /* Build configuration list for PBXNativeTarget "Dog Tags #1" */ = {
			isa = XCConfigurationList;
			buildConfigurations = (
				2EC0A1172189F764002B3EAC /* Debug */,
				2EC0A1182189F764002B3EAC /* Release */,
			);
			defaultConfigurationIsVisible = 0;
			defaultConfigurationName = Release;
		};
/* End XCConfigurationList section */
	};
	rootObject = 2EC0A0FC2189F763002B3EAC /* Project object */;
}
